
Microsoft Visual Studio Solution File, Format Version 12.00
# Visual Studio 15
VisualStudioVersion = 15.0.28010.2019
MinimumVisualStudioVersion = 10.0.40219.1
Project("{9A19103F-16F7-4668-BE54-9A1E7A4F7556}") = "TipCalc.Core", "TipCalc.Core\TipCalc.Core.csproj", "{F35DD663-08CE-4522-AAD5-9EE72AF153E0}"
EndProject
Project("{FAE04EC0-301F-11D3-BF4B-00C04F79EFBC}") = "TipCalc.Droid", "TipCalc.Droid\TipCalc.Droid.csproj", "{E887C240-2284-4BE2-8B50-1330F84E0030}"
EndProject
Project("{FAE04EC0-301F-11D3-BF4B-00C04F79EFBC}") = "TipCalc.Tests", "TipCalc.Tests\TipCalc.Tests.csproj", "{0AB9D9E5-F50E-4F06-91DB-2C39F0224EF7}"
EndProject
Global
	GlobalSection(SolutionConfigurationPlatforms) = preSolution
		Debug|Any CPU = Debug|Any CPU
		Release|Any CPU = Release|Any CPU
	EndGlobalSection
	GlobalSection(ProjectConfigurationPlatforms) = postSolution
		{F35DD663-08CE-4522-AAD5-9EE72AF153E0}.Debug|Any CPU.ActiveCfg = Debug|Any CPU
		{F35DD663-08CE-4522-AAD5-9EE72AF153E0}.Debug|Any CPU.Build.0 = Debug|Any CPU
		{F35DD663-08CE-4522-AAD5-9EE72AF153E0}.Release|Any CPU.ActiveCfg = Release|Any CPU
		{F35DD663-08CE-4522-AAD5-9EE72AF153E0}.Release|Any CPU.Build.0 = Release|Any CPU
		{E887C240-2284-4BE2-8B50-1330F84E0030}.Debug|Any CPU.ActiveCfg = Debug|Any CPU
		{E887C240-2284-4BE2-8B50-1330F84E0030}.Debug|Any CPU.Build.0 = Debug|Any CPU
		{E887C240-2284-4BE2-8B50-1330F84E0030}.Debug|Any CPU.Deploy.0 = Debug|Any CPU
		{E887C240-2284-4BE2-8B50-1330F84E0030}.Release|Any CPU.ActiveCfg = Release|Any CPU
		{E887C240-2284-4BE2-8B50-1330F84E0030}.Release|Any CPU.Build.0 = Release|Any CPU
		{E887C240-2284-4BE2-8B50-1330F84E0030}.Release|Any CPU.Deploy.0 = Release|Any CPU
		{0AB9D9E5-F50E-4F06-91DB-2C39F0224EF7}.Debug|Any CPU.ActiveCfg = Debug|Any CPU
		{0AB9D9E5-F50E-4F06-91DB-2C39F0224EF7}.Debug|Any CPU.Build.0 = Debug|Any CPU
		{0AB9D9E5-F50E-4F06-91DB-2C39F0224EF7}.Release|Any CPU.ActiveCfg = Release|Any CPU
		{0AB9D9E5-F50E-4F06-91DB-2C39F0224EF7}.Release|Any CPU.Build.0 = Release|Any CPU
	EndGlobalSection
	GlobalSection(SolutionProperties) = preSolution
		HideSolutionNode = FALSE
	EndGlobalSection
	GlobalSection(ExtensibilityGlobals) = postSolution
		SolutionGuid = {3A242A0D-1CA5-4867-8AF5-BCCFBC92F09B}
	EndGlobalSection
EndGlobal
