
Microsoft Visual Studio Solution File, Format Version 12.00
# Visual Studio 15
VisualStudioVersion = 15.0.28307.106
MinimumVisualStudioVersion = 10.0.40219.1
Project("{FAE04EC0-301F-11D3-BF4B-00C04F79EFBC}") = "MovieDB", "MovieDB\MovieDB.csproj", "{AD3D6DD2-1FA9-4D64-9BF3-55F725566019}"
EndProject
Global
	GlobalSection(SolutionConfigurationPlatforms) = preSolution
		Debug|Any CPU = Debug|Any CPU
		Release|Any CPU = Release|Any CPU
	EndGlobalSection
	GlobalSection(ProjectConfigurationPlatforms) = postSolution
		{AD3D6DD2-1FA9-4D64-9BF3-55F725566019}.Debug|Any CPU.ActiveCfg = Debug|Any CPU
		{AD3D6DD2-1FA9-4D64-9BF3-55F725566019}.Debug|Any CPU.Build.0 = Debug|Any CPU
		{AD3D6DD2-1FA9-4D64-9BF3-55F725566019}.Release|Any CPU.ActiveCfg = Release|Any CPU
		{AD3D6DD2-1FA9-4D64-9BF3-55F725566019}.Release|Any CPU.Build.0 = Release|Any CPU
	EndGlobalSection
	GlobalSection(SolutionProperties) = preSolution
		HideSolutionNode = FALSE
	EndGlobalSection
	GlobalSection(ExtensibilityGlobals) = postSolution
		SolutionGuid = {358DB764-2376-4A5C-9B9C-C73E89694957}
	EndGlobalSection
EndGlobal
