
Microsoft Visual Studio Solution File, Format Version 12.00
# Visual Studio 15
VisualStudioVersion = 15.0.28010.2041
MinimumVisualStudioVersion = 10.0.40219.1
Project("{FAE04EC0-301F-11D3-BF4B-00C04F79EFBC}") = "TipCalc", "TipCalc\TipCalc.csproj", "{65E9FC24-649E-4500-8F2E-305F266E8073}"
EndProject
Global
	GlobalSection(SolutionConfigurationPlatforms) = preSolution
		Debug|Any CPU = Debug|Any CPU
		Release|Any CPU = Release|Any CPU
	EndGlobalSection
	GlobalSection(ProjectConfigurationPlatforms) = postSolution
		{65E9FC24-649E-4500-8F2E-305F266E8073}.Debug|Any CPU.ActiveCfg = Debug|Any CPU
		{65E9FC24-649E-4500-8F2E-305F266E8073}.Debug|Any CPU.Build.0 = Debug|Any CPU
		{65E9FC24-649E-4500-8F2E-305F266E8073}.Release|Any CPU.ActiveCfg = Release|Any CPU
		{65E9FC24-649E-4500-8F2E-305F266E8073}.Release|Any CPU.Build.0 = Release|Any CPU
	EndGlobalSection
	GlobalSection(SolutionProperties) = preSolution
		HideSolutionNode = FALSE
	EndGlobalSection
	GlobalSection(ExtensibilityGlobals) = postSolution
		SolutionGuid = {CAD7BB24-90A0-4A8B-BC2A-99D071B2E201}
	EndGlobalSection
EndGlobal
