
Microsoft Visual Studio Solution File, Format Version 12.00
# Visual Studio 15
VisualStudioVersion = 15.0.27703.2047
MinimumVisualStudioVersion = 10.0.40219.1
Project("{FAE04EC0-301F-11D3-BF4B-00C04F79EFBC}") = "TipCalc.Core", "TipCalc.Core\TipCalc.Core.csproj", "{A432238F-4C8C-4C45-8A7E-B3E9409D4214}"
EndProject
Project("{FAE04EC0-301F-11D3-BF4B-00C04F79EFBC}") = "TipCalc.WPF", "TipCalc.WPF\TipCalc.WPF.csproj", "{66B3297A-7651-44D9-B3A4-5C3A499C4B65}"
EndProject
Project("{FAE04EC0-301F-11D3-BF4B-00C04F79EFBC}") = "TipCalc.Droid", "TipCalc.Droid\TipCalc.Droid.csproj", "{F61BD471-92B0-4EDA-9B0B-8676EECAEEDC}"
EndProject
Global
	GlobalSection(SolutionConfigurationPlatforms) = preSolution
		Debug|Any CPU = Debug|Any CPU
		Release|Any CPU = Release|Any CPU
	EndGlobalSection
	GlobalSection(ProjectConfigurationPlatforms) = postSolution
		{A432238F-4C8C-4C45-8A7E-B3E9409D4214}.Debug|Any CPU.ActiveCfg = Debug|Any CPU
		{A432238F-4C8C-4C45-8A7E-B3E9409D4214}.Debug|Any CPU.Build.0 = Debug|Any CPU
		{A432238F-4C8C-4C45-8A7E-B3E9409D4214}.Release|Any CPU.ActiveCfg = Release|Any CPU
		{A432238F-4C8C-4C45-8A7E-B3E9409D4214}.Release|Any CPU.Build.0 = Release|Any CPU
		{66B3297A-7651-44D9-B3A4-5C3A499C4B65}.Debug|Any CPU.ActiveCfg = Debug|Any CPU
		{66B3297A-7651-44D9-B3A4-5C3A499C4B65}.Debug|Any CPU.Build.0 = Debug|Any CPU
		{66B3297A-7651-44D9-B3A4-5C3A499C4B65}.Release|Any CPU.ActiveCfg = Release|Any CPU
		{66B3297A-7651-44D9-B3A4-5C3A499C4B65}.Release|Any CPU.Build.0 = Release|Any CPU
		{F61BD471-92B0-4EDA-9B0B-8676EECAEEDC}.Debug|Any CPU.ActiveCfg = Debug|Any CPU
		{F61BD471-92B0-4EDA-9B0B-8676EECAEEDC}.Debug|Any CPU.Build.0 = Debug|Any CPU
		{F61BD471-92B0-4EDA-9B0B-8676EECAEEDC}.Debug|Any CPU.Deploy.0 = Debug|Any CPU
		{F61BD471-92B0-4EDA-9B0B-8676EECAEEDC}.Release|Any CPU.ActiveCfg = Release|Any CPU
		{F61BD471-92B0-4EDA-9B0B-8676EECAEEDC}.Release|Any CPU.Build.0 = Release|Any CPU
		{F61BD471-92B0-4EDA-9B0B-8676EECAEEDC}.Release|Any CPU.Deploy.0 = Release|Any CPU
	EndGlobalSection
	GlobalSection(SolutionProperties) = preSolution
		HideSolutionNode = FALSE
	EndGlobalSection
	GlobalSection(ExtensibilityGlobals) = postSolution
		SolutionGuid = {9F49A438-0384-4659-9995-C693CD19C249}
	EndGlobalSection
EndGlobal
